<?xml version="1.0" encoding="utf-8"?>
<Project ToolsVersion="4.0" xmlns="http://schemas.microsoft.com/developer/msbuild/2003">
  <ItemGroup>
    <Filter Include="源文件">
      <UniqueIdentifier>{4FC737F1-C7A5-4376-A066-2A32D752A2FF}</UniqueIdentifier>
      <Extensions>cpp;c;cc;cxx;c++;cppm;ixx;def;odl;idl;hpj;bat;asm;asmx</Extensions>
    </Filter>
    <Filter Include="头文件">
      <UniqueIdentifier>{93995380-89BD-4b04-88EB-625FBE52EBFB}</UniqueIdentifier>
      <Extensions>h;hh;hpp;hxx;h++;hm;inl;inc;ipp;xsd</Extensions>
    </Filter>
    <Filter Include="资源文件">
      <UniqueIdentifier>{67DA6AB6-F800-4c08-8B7A-83BB121AAD01}</UniqueIdentifier>
      <Extensions>rc;ico;cur;bmp;dlg;rc2;rct;bin;rgs;gif;jpg;jpeg;jpe;resx;tiff;tif;png;wav;mfcribbon-ms</Extensions>
    </Filter>
    <Filter Include="头文件\SourceHeader">
      <UniqueIdentifier>{7e4ee03f-b1e5-4d82-bbfa-d502dff36c31}</UniqueIdentifier>
    </Filter>
    <Filter Include="头文件\Code">
      <UniqueIdentifier>{850706f0-8953-4505-a90d-9cd0d432d346}</UniqueIdentifier>
    </Filter>
    <Filter Include="头文件\SourceHeader\SYSTEM">
      <UniqueIdentifier>{aa4d0b82-8a5f-4483-a5c4-e408087907ad}</UniqueIdentifier>
    </Filter>
    <Filter Include="头文件\SourceHeader\Settings">
      <UniqueIdentifier>{00f13ac7-2090-4fe9-a7a2-516f10032032}</UniqueIdentifier>
    </Filter>
    <Filter Include="头文件\Engine">
      <UniqueIdentifier>{0c69b789-59c9-448f-bcf7-2713c3d20ab3}</UniqueIdentifier>
    </Filter>
  </ItemGroup>
  <ItemGroup>
    <Text Include="ReadMe.txt">
      <Filter>资源文件</Filter>
    </Text>
  </ItemGroup>
  <ItemGroup>
    <ClCompile Include="CLang\launch.cpp">
      <Filter>源文件</Filter>
    </ClCompile>
  </ItemGroup>
  <ItemGroup>
    <ClInclude Include="resource1.h">
      <Filter>头文件</Filter>
    </ClInclude>
    <ClInclude Include="CLang\SourceHeader\_sh_switch.h">
      <Filter>头文件\SourceHeader</Filter>
    </ClInclude>
    <ClInclude Include="CLang\SourceHeader\include.h">
      <Filter>头文件\SourceHeader</Filter>
    </ClInclude>
    <ClInclude Include="CLang\SourceHeader\_sh_prt.h">
      <Filter>头文件\SourceHeader</Filter>
    </ClInclude>
    <ClInclude Include="CLang\Code\example.h">
      <Filter>头文件\Code</Filter>
    </ClInclude>
    <ClInclude Include="CLang\SourceHeader\_sh_random.h">
      <Filter>头文件\SourceHeader</Filter>
    </ClInclude>
    <ClInclude Include="CLang\SourceHeader\_sh_directory_api.h">
      <Filter>头文件\SourceHeader</Filter>
    </ClInclude>
    <ClInclude Include="CLang\SourceHeader\_sh_file_api.h">
      <Filter>头文件\SourceHeader</Filter>
    </ClInclude>
    <ClInclude Include="CLang\SourceHeader\System\WIN.h">
      <Filter>头文件\SourceHeader\SYSTEM</Filter>
    </ClInclude>
    <ClInclude Include="CLang\SourceHeader\System\LUX.h">
      <Filter>头文件\SourceHeader\SYSTEM</Filter>
    </ClInclude>
    <ClInclude Include="CLang\SourceHeader\System\pub.h">
      <Filter>头文件\SourceHeader\SYSTEM</Filter>
    </ClInclude>
    <ClInclude Include="CLang\Code\launchscreen.h">
      <Filter>头文件\Code</Filter>
    </ClInclude>
    <ClInclude Include="CLang\shload.h">
      <Filter>头文件</Filter>
    </ClInclude>
    <ClInclude Include="CLang\SourceHeader\Settings\_sh_resource.h">
      <Filter>头文件\SourceHeader\Settings</Filter>
    </ClInclude>
    <ClInclude Include="CLang\SourceHeader\Settings\_sh_version.h">
      <Filter>头文件\SourceHeader\Settings</Filter>
    </ClInclude>
    <ClInclude Include="CLang\SourceHeader\Settings\sh_settings.h">
      <Filter>头文件\SourceHeader\Settings</Filter>
    </ClInclude>
    <ClInclude Include="CLang\SourceHeader\_sh_openhttp.h">
      <Filter>头文件\SourceHeader</Filter>
    </ClInclude>
    <ClInclude Include="CLang\Engine\_eg_sipcfg.h">
      <Filter>头文件\Engine</Filter>
    </ClInclude>
    <ClInclude Include="CLang\Engine\_eg_efc_api.h">
      <Filter>头文件\Engine</Filter>
    </ClInclude>
  </ItemGroup>
  <ItemGroup>
    <ResourceCompile Include="OpenCppLangTab.rc">
      <Filter>资源文件</Filter>
    </ResourceCompile>
  </ItemGroup>
</Project>